
Microsoft Visual Studio Solution File, Format Version 12.00
# Visual Studio Version 16
VisualStudioVersion = 16.0.29215.179
MinimumVisualStudioVersion = 10.0.40219.1
Project("{9A19103F-16F7-4668-BE54-9A1E7A4F7556}") = "API", "src\API\API.csproj", "{2490308A-7869-4F5B-AFC9-0E0FBC90ED6F}"
EndProject
Project("{9A19103F-16F7-4668-BE54-9A1E7A4F7556}") = "Application", "src\Application\Application.csproj", "{D98DDE30-8863-43AD-B5C3-56986C9A0309}"
EndProject
Project("{9A19103F-16F7-4668-BE54-9A1E7A4F7556}") = "Domain", "src\Domain\Domain.csproj", "{05DF77F6-F1B4-4441-8CC4-80A3D18A1216}"
EndProject
Project("{9A19103F-16F7-4668-BE54-9A1E7A4F7556}") = "Infra", "src\Infra\Infra.csproj", "{419EF771-0315-4326-BA77-3A95BE2AE21B}"
EndProject
Project("{2150E333-8FDC-42A3-9474-1A3956D46DE8}") = "Teste", "Teste", "{56DC1037-7321-4CFB-94AA-DC12B22B817A}"
EndProject
Project("{9A19103F-16F7-4668-BE54-9A1E7A4F7556}") = "Domain_Teste", "src\Teste\Domain_Teste\Domain_Teste.csproj", "{E744EF4F-E4BE-4176-95C3-5730B3E56720}"
EndProject
Global
	GlobalSection(SolutionConfigurationPlatforms) = preSolution
		Debug|Any CPU = Debug|Any CPU
		Release|Any CPU = Release|Any CPU
	EndGlobalSection
	GlobalSection(ProjectConfigurationPlatforms) = postSolution
		{2490308A-7869-4F5B-AFC9-0E0FBC90ED6F}.Debug|Any CPU.ActiveCfg = Debug|Any CPU
		{2490308A-7869-4F5B-AFC9-0E0FBC90ED6F}.Debug|Any CPU.Build.0 = Debug|Any CPU
		{2490308A-7869-4F5B-AFC9-0E0FBC90ED6F}.Release|Any CPU.ActiveCfg = Release|Any CPU
		{2490308A-7869-4F5B-AFC9-0E0FBC90ED6F}.Release|Any CPU.Build.0 = Release|Any CPU
		{D98DDE30-8863-43AD-B5C3-56986C9A0309}.Debug|Any CPU.ActiveCfg = Debug|Any CPU
		{D98DDE30-8863-43AD-B5C3-56986C9A0309}.Debug|Any CPU.Build.0 = Debug|Any CPU
		{D98DDE30-8863-43AD-B5C3-56986C9A0309}.Release|Any CPU.ActiveCfg = Release|Any CPU
		{D98DDE30-8863-43AD-B5C3-56986C9A0309}.Release|Any CPU.Build.0 = Release|Any CPU
		{05DF77F6-F1B4-4441-8CC4-80A3D18A1216}.Debug|Any CPU.ActiveCfg = Debug|Any CPU
		{05DF77F6-F1B4-4441-8CC4-80A3D18A1216}.Debug|Any CPU.Build.0 = Debug|Any CPU
		{05DF77F6-F1B4-4441-8CC4-80A3D18A1216}.Release|Any CPU.ActiveCfg = Release|Any CPU
		{05DF77F6-F1B4-4441-8CC4-80A3D18A1216}.Release|Any CPU.Build.0 = Release|Any CPU
		{419EF771-0315-4326-BA77-3A95BE2AE21B}.Debug|Any CPU.ActiveCfg = Debug|Any CPU
		{419EF771-0315-4326-BA77-3A95BE2AE21B}.Debug|Any CPU.Build.0 = Debug|Any CPU
		{419EF771-0315-4326-BA77-3A95BE2AE21B}.Release|Any CPU.ActiveCfg = Release|Any CPU
		{419EF771-0315-4326-BA77-3A95BE2AE21B}.Release|Any CPU.Build.0 = Release|Any CPU
		{E744EF4F-E4BE-4176-95C3-5730B3E56720}.Debug|Any CPU.ActiveCfg = Debug|Any CPU
		{E744EF4F-E4BE-4176-95C3-5730B3E56720}.Debug|Any CPU.Build.0 = Debug|Any CPU
		{E744EF4F-E4BE-4176-95C3-5730B3E56720}.Release|Any CPU.ActiveCfg = Release|Any CPU
		{E744EF4F-E4BE-4176-95C3-5730B3E56720}.Release|Any CPU.Build.0 = Release|Any CPU
	EndGlobalSection
	GlobalSection(SolutionProperties) = preSolution
		HideSolutionNode = FALSE
	EndGlobalSection
	GlobalSection(NestedProjects) = preSolution
		{E744EF4F-E4BE-4176-95C3-5730B3E56720} = {56DC1037-7321-4CFB-94AA-DC12B22B817A}
	EndGlobalSection
	GlobalSection(ExtensibilityGlobals) = postSolution
		SolutionGuid = {A080307F-EC5D-48DA-8B22-B9D8DF828530}
	EndGlobalSection
EndGlobal
